// !$*UTF8*$!
{
	archiveVersion = 1;
	classes = {
	};
	objectVersion = 51;
	objects = {

/* Begin PBXBuildFile section */
		1F40D616A8E175794416040C /* Pods_Russian_food.framework in Frameworks */ = {isa = PBXBuildFile; fileRef = 6F329EA78D2192A6AF56F324 /* Pods_Russian_food.framework */; };
		D2594BF126A95DF700E6CB3F /* MainScreenCollectionViewCell.swift in Sources */ = {isa = PBXBuildFile; fileRef = D2594BF026A95DF700E6CB3F /* MainScreenCollectionViewCell.swift */; };
		D25A12DC26A0C5EF0043F2A5 /* SoupViewController.swift in Sources */ = {isa = PBXBuildFile; fileRef = D25A12DB26A0C5EF0043F2A5 /* SoupViewController.swift */; };
		D25A12E126A0C7B00043F2A5 /* DrinkViewController.swift in Sources */ = {isa = PBXBuildFile; fileRef = D25A12E026A0C7B00043F2A5 /* DrinkViewController.swift */; };
		D25A12E526A0C8480043F2A5 /* SweetsViewController.swift in Sources */ = {isa = PBXBuildFile; fileRef = D25A12E426A0C8480043F2A5 /* SweetsViewController.swift */; };
		D25A12EC26A365120043F2A5 /* MeatCollectionViewCell.swift in Sources */ = {isa = PBXBuildFile; fileRef = D25A12EB26A365120043F2A5 /* MeatCollectionViewCell.swift */; };
		D25A12EF26A4BA7D0043F2A5 /* FastEatCollectionViewCell.swift in Sources */ = {isa = PBXBuildFile; fileRef = D25A12EE26A4BA7D0043F2A5 /* FastEatCollectionViewCell.swift */; };
		D271DC1626A9FAB00026A642 /* RecomendationsCollectionViewCell.swift in Sources */ = {isa = PBXBuildFile; fileRef = D271DC1526A9FAB00026A642 /* RecomendationsCollectionViewCell.swift */; };
		D271DC1926ADF4820026A642 /* LikeCollectionViewCell.swift in Sources */ = {isa = PBXBuildFile; fileRef = D271DC1826ADF4810026A642 /* LikeCollectionViewCell.swift */; };
		D277669F269B43D900DF6E0D /* AppDelegate.swift in Sources */ = {isa = PBXBuildFile; fileRef = D277669E269B43D900DF6E0D /* AppDelegate.swift */; };
		D27766A1269B43D900DF6E0D /* SceneDelegate.swift in Sources */ = {isa = PBXBuildFile; fileRef = D27766A0269B43D900DF6E0D /* SceneDelegate.swift */; };
		D27766A3269B43D900DF6E0D /* ViewController.swift in Sources */ = {isa = PBXBuildFile; fileRef = D27766A2269B43D900DF6E0D /* ViewController.swift */; };
		D27766A6269B43D900DF6E0D /* Main.storyboard in Resources */ = {isa = PBXBuildFile; fileRef = D27766A4269B43D900DF6E0D /* Main.storyboard */; };
		D27766A8269B43E200DF6E0D /* Assets.xcassets in Resources */ = {isa = PBXBuildFile; fileRef = D27766A7269B43E200DF6E0D /* Assets.xcassets */; };
		D27766AB269B43E200DF6E0D /* LaunchScreen.storyboard in Resources */ = {isa = PBXBuildFile; fileRef = D27766A9269B43E200DF6E0D /* LaunchScreen.storyboard */; };
		D2C02F60269B8E8C00C35317 /* MainViewController.swift in Sources */ = {isa = PBXBuildFile; fileRef = D2C02F5F269B8E8C00C35317 /* MainViewController.swift */; };
		D2C02F6C269C3C6800C35317 /* TaBarViewController.swift in Sources */ = {isa = PBXBuildFile; fileRef = D2C02F6B269C3C6800C35317 /* TaBarViewController.swift */; };
		D2C02F6F269C49AB00C35317 /* CategoryViewController.swift in Sources */ = {isa = PBXBuildFile; fileRef = D2C02F6E269C49AB00C35317 /* CategoryViewController.swift */; };
		D2C02F7C269C66C500C35317 /* CLCollectionViewCell.swift in Sources */ = {isa = PBXBuildFile; fileRef = D2C02F7B269C66C500C35317 /* CLCollectionViewCell.swift */; };
		D2C02F7F269C681A00C35317 /* CatrgoryList.swift in Sources */ = {isa = PBXBuildFile; fileRef = D2C02F7E269C681A00C35317 /* CatrgoryList.swift */; };
		D2C02F82269C759E00C35317 /* CategoryArray.swift in Sources */ = {isa = PBXBuildFile; fileRef = D2C02F81269C759E00C35317 /* CategoryArray.swift */; };
		D2C02F8A269CD22900C35317 /* SendThingViewController.swift in Sources */ = {isa = PBXBuildFile; fileRef = D2C02F89269CD22900C35317 /* SendThingViewController.swift */; };
		D2C02F8E269D740D00C35317 /* TransitionScreensCategory.swift in Sources */ = {isa = PBXBuildFile; fileRef = D2C02F8D269D740D00C35317 /* TransitionScreensCategory.swift */; };
		D2C02F91269D76D400C35317 /* FastEatViewController.swift in Sources */ = {isa = PBXBuildFile; fileRef = D2C02F90269D76D400C35317 /* FastEatViewController.swift */; };
		D2C02F9F26A0C04100C35317 /* SaladViewController.swift in Sources */ = {isa = PBXBuildFile; fileRef = D2C02F9E26A0C04100C35317 /* SaladViewController.swift */; };
		D2CC269226A7FD6300BC38E0 /* SoupeCollectionViewCell.swift in Sources */ = {isa = PBXBuildFile; fileRef = D2CC269126A7FD6300BC38E0 /* SoupeCollectionViewCell.swift */; };
		D2CC269526A802EB00BC38E0 /* DrinksCollectionViewCell.swift in Sources */ = {isa = PBXBuildFile; fileRef = D2CC269426A802EB00BC38E0 /* DrinksCollectionViewCell.swift */; };
		D2CC269826A8085700BC38E0 /* SweetsCollectionViewCell.swift in Sources */ = {isa = PBXBuildFile; fileRef = D2CC269726A8085700BC38E0 /* SweetsCollectionViewCell.swift */; };
		D2CC269B26A95AA000BC38E0 /* LikeReceptsViewController.swift in Sources */ = {isa = PBXBuildFile; fileRef = D2CC269A26A95AA000BC38E0 /* LikeReceptsViewController.swift */; };
		D2E26A1F26A7607B003EE229 /* SaladsCollectionViewCell.swift in Sources */ = {isa = PBXBuildFile; fileRef = D2E26A1E26A7607B003EE229 /* SaladsCollectionViewCell.swift */; };
/* End PBXBuildFile section */

/* Begin PBXFileReference section */
		6F329EA78D2192A6AF56F324 /* Pods_Russian_food.framework */ = {isa = PBXFileReference; explicitFileType = wrapper.framework; includeInIndex = 0; path = Pods_Russian_food.framework; sourceTree = BUILT_PRODUCTS_DIR; };
		A103CB2BA16518C309F13274 /* Pods-Russian food.release.xcconfig */ = {isa = PBXFileReference; includeInIndex = 1; lastKnownFileType = text.xcconfig; name = "Pods-Russian food.release.xcconfig"; path = "Target Support Files/Pods-Russian food/Pods-Russian food.release.xcconfig"; sourceTree = "<group>"; };
		D2594BF026A95DF700E6CB3F /* MainScreenCollectionViewCell.swift */ = {isa = PBXFileReference; lastKnownFileType = sourcecode.swift; path = MainScreenCollectionViewCell.swift; sourceTree = "<group>"; };
		D25A12DB26A0C5EF0043F2A5 /* SoupViewController.swift */ = {isa = PBXFileReference; lastKnownFileType = sourcecode.swift; path = SoupViewController.swift; sourceTree = "<group>"; };
		D25A12E026A0C7B00043F2A5 /* DrinkViewController.swift */ = {isa = PBXFileReference; lastKnownFileType = sourcecode.swift; path = DrinkViewController.swift; sourceTree = "<group>"; };
		D25A12E426A0C8480043F2A5 /* SweetsViewController.swift */ = {isa = PBXFileReference; lastKnownFileType = sourcecode.swift; path = SweetsViewController.swift; sourceTree = "<group>"; };
		D25A12EB26A365120043F2A5 /* MeatCollectionViewCell.swift */ = {isa = PBXFileReference; lastKnownFileType = sourcecode.swift; path = MeatCollectionViewCell.swift; sourceTree = "<group>"; };
		D25A12EE26A4BA7D0043F2A5 /* FastEatCollectionViewCell.swift */ = {isa = PBXFileReference; lastKnownFileType = sourcecode.swift; path = FastEatCollectionViewCell.swift; sourceTree = "<group>"; };
		D271DC1526A9FAB00026A642 /* RecomendationsCollectionViewCell.swift */ = {isa = PBXFileReference; lastKnownFileType = sourcecode.swift; path = RecomendationsCollectionViewCell.swift; sourceTree = "<group>"; };
		D271DC1826ADF4810026A642 /* LikeCollectionViewCell.swift */ = {isa = PBXFileReference; lastKnownFileType = sourcecode.swift; path = LikeCollectionViewCell.swift; sourceTree = "<group>"; };
		D277669B269B43D900DF6E0D /* Russian food.app */ = {isa = PBXFileReference; explicitFileType = wrapper.application; includeInIndex = 0; path = "Russian food.app"; sourceTree = BUILT_PRODUCTS_DIR; };
		D277669E269B43D900DF6E0D /* AppDelegate.swift */ = {isa = PBXFileReference; lastKnownFileType = sourcecode.swift; path = AppDelegate.swift; sourceTree = "<group>"; };
		D27766A0269B43D900DF6E0D /* SceneDelegate.swift */ = {isa = PBXFileReference; lastKnownFileType = sourcecode.swift; path = SceneDelegate.swift; sourceTree = "<group>"; };
		D27766A2269B43D900DF6E0D /* ViewController.swift */ = {isa = PBXFileReference; lastKnownFileType = sourcecode.swift; path = ViewController.swift; sourceTree = "<group>"; };
		D27766A5269B43D900DF6E0D /* Base */ = {isa = PBXFileReference; lastKnownFileType = file.storyboard; name = Base; path = Base.lproj/Main.storyboard; sourceTree = "<group>"; };
		D27766A7269B43E200DF6E0D /* Assets.xcassets */ = {isa = PBXFileReference; lastKnownFileType = folder.assetcatalog; path = Assets.xcassets; sourceTree = "<group>"; };
		D27766AA269B43E200DF6E0D /* Base */ = {isa = PBXFileReference; lastKnownFileType = file.storyboard; name = Base; path = Base.lproj/LaunchScreen.storyboard; sourceTree = "<group>"; };
		D27766AC269B43E200DF6E0D /* Info.plist */ = {isa = PBXFileReference; lastKnownFileType = text.plist.xml; path = Info.plist; sourceTree = "<group>"; };
		D2C02F5F269B8E8C00C35317 /* MainViewController.swift */ = {isa = PBXFileReference; lastKnownFileType = sourcecode.swift; path = MainViewController.swift; sourceTree = "<group>"; };
		D2C02F6B269C3C6800C35317 /* TaBarViewController.swift */ = {isa = PBXFileReference; lastKnownFileType = sourcecode.swift; path = TaBarViewController.swift; sourceTree = "<group>"; };
		D2C02F6E269C49AB00C35317 /* CategoryViewController.swift */ = {isa = PBXFileReference; lastKnownFileType = sourcecode.swift; path = CategoryViewController.swift; sourceTree = "<group>"; };
		D2C02F7B269C66C500C35317 /* CLCollectionViewCell.swift */ = {isa = PBXFileReference; lastKnownFileType = sourcecode.swift; path = CLCollectionViewCell.swift; sourceTree = "<group>"; };
		D2C02F7E269C681A00C35317 /* CatrgoryList.swift */ = {isa = PBXFileReference; lastKnownFileType = sourcecode.swift; path = CatrgoryList.swift; sourceTree = "<group>"; };
		D2C02F81269C759E00C35317 /* CategoryArray.swift */ = {isa = PBXFileReference; lastKnownFileType = sourcecode.swift; path = CategoryArray.swift; sourceTree = "<group>"; };
		D2C02F89269CD22900C35317 /* SendThingViewController.swift */ = {isa = PBXFileReference; lastKnownFileType = sourcecode.swift; path = SendThingViewController.swift; sourceTree = "<group>"; };
		D2C02F8D269D740D00C35317 /* TransitionScreensCategory.swift */ = {isa = PBXFileReference; lastKnownFileType = sourcecode.swift; path = TransitionScreensCategory.swift; sourceTree = "<group>"; };
		D2C02F90269D76D400C35317 /* FastEatViewController.swift */ = {isa = PBXFileReference; lastKnownFileType = sourcecode.swift; path = FastEatViewController.swift; sourceTree = "<group>"; };
		D2C02F9E26A0C04100C35317 /* SaladViewController.swift */ = {isa = PBXFileReference; lastKnownFileType = sourcecode.swift; path = SaladViewController.swift; sourceTree = "<group>"; };
		D2CC269126A7FD6300BC38E0 /* SoupeCollectionViewCell.swift */ = {isa = PBXFileReference; lastKnownFileType = sourcecode.swift; path = SoupeCollectionViewCell.swift; sourceTree = "<group>"; };
		D2CC269426A802EB00BC38E0 /* DrinksCollectionViewCell.swift */ = {isa = PBXFileReference; lastKnownFileType = sourcecode.swift; path = DrinksCollectionViewCell.swift; sourceTree = "<group>"; };
		D2CC269726A8085700BC38E0 /* SweetsCollectionViewCell.swift */ = {isa = PBXFileReference; lastKnownFileType = sourcecode.swift; path = SweetsCollectionViewCell.swift; sourceTree = "<group>"; };
		D2CC269A26A95AA000BC38E0 /* LikeReceptsViewController.swift */ = {isa = PBXFileReference; lastKnownFileType = sourcecode.swift; path = LikeReceptsViewController.swift; sourceTree = "<group>"; };
		D2E26A1E26A7607B003EE229 /* SaladsCollectionViewCell.swift */ = {isa = PBXFileReference; lastKnownFileType = sourcecode.swift; path = SaladsCollectionViewCell.swift; sourceTree = "<group>"; };
		DCD2AFFA81E55AE1DCA9D381 /* Pods-Russian food.debug.xcconfig */ = {isa = PBXFileReference; includeInIndex = 1; lastKnownFileType = text.xcconfig; name = "Pods-Russian food.debug.xcconfig"; path = "Target Support Files/Pods-Russian food/Pods-Russian food.debug.xcconfig"; sourceTree = "<group>"; };
/* End PBXFileReference section */

/* Begin PBXFrameworksBuildPhase section */
		D2776698269B43D900DF6E0D /* Frameworks */ = {
			isa = PBXFrameworksBuildPhase;
			buildActionMask = 2147483647;
			files = (
				1F40D616A8E175794416040C /* Pods_Russian_food.framework in Frameworks */,
			);
			runOnlyForDeploymentPostprocessing = 0;
		};
/* End PBXFrameworksBuildPhase section */

/* Begin PBXGroup section */
		9D4A5A1232E5679033FFE2FC /* Frameworks */ = {
			isa = PBXGroup;
			children = (
				6F329EA78D2192A6AF56F324 /* Pods_Russian_food.framework */,
			);
			name = Frameworks;
			sourceTree = "<group>";
		};
		D2594BEF26A95DD300E6CB3F /* MainScreen */ = {
			isa = PBXGroup;
			children = (
				D2C02F5F269B8E8C00C35317 /* MainViewController.swift */,
				D271DC1526A9FAB00026A642 /* RecomendationsCollectionViewCell.swift */,
				D2594BF026A95DF700E6CB3F /* MainScreenCollectionViewCell.swift */,
			);
			path = MainScreen;
			sourceTree = "<group>";
		};
		D25A12DA26A0C5D00043F2A5 /* Soups(Супы) */ = {
			isa = PBXGroup;
			children = (
				D25A12DB26A0C5EF0043F2A5 /* SoupViewController.swift */,
				D2CC269126A7FD6300BC38E0 /* SoupeCollectionViewCell.swift */,
			);
			path = "Soups(Супы)";
			sourceTree = "<group>";
		};
		D25A12DF26A0C75F0043F2A5 /* Drink(Напитки) */ = {
			isa = PBXGroup;
			children = (
				D25A12E026A0C7B00043F2A5 /* DrinkViewController.swift */,
				D2CC269426A802EB00BC38E0 /* DrinksCollectionViewCell.swift */,
			);
			path = "Drink(Напитки)";
			sourceTree = "<group>";
		};
		D25A12E326A0C8250043F2A5 /* Sweets(Сладости) */ = {
			isa = PBXGroup;
			children = (
				D25A12E426A0C8480043F2A5 /* SweetsViewController.swift */,
				D2CC269726A8085700BC38E0 /* SweetsCollectionViewCell.swift */,
			);
			path = "Sweets(Сладости)";
			sourceTree = "<group>";
		};
		D2776692269B43D900DF6E0D = {
			isa = PBXGroup;
			children = (
				D277669D269B43D900DF6E0D /* Russian food */,
				D277669C269B43D900DF6E0D /* Products */,
				F53E6403428C6EACF326E823 /* Pods */,
				9D4A5A1232E5679033FFE2FC /* Frameworks */,
			);
			sourceTree = "<group>";
		};
		D277669C269B43D900DF6E0D /* Products */ = {
			isa = PBXGroup;
			children = (
				D277669B269B43D900DF6E0D /* Russian food.app */,
			);
			name = Products;
			sourceTree = "<group>";
		};
		D277669D269B43D900DF6E0D /* Russian food */ = {
			isa = PBXGroup;
			children = (
				D277669E269B43D900DF6E0D /* AppDelegate.swift */,
				D27766A0269B43D900DF6E0D /* SceneDelegate.swift */,
				D2C02F5A269B8CBB00C35317 /* Model */,
				D2C02F59269B8CB600C35317 /* View */,
				D2C02F58269B8C9100C35317 /* Controller */,
				D2C02F57269B8C4D00C35317 /* Resources */,
				D27766AC269B43E200DF6E0D /* Info.plist */,
			);
			path = "Russian food";
			sourceTree = "<group>";
		};
		D2C02F57269B8C4D00C35317 /* Resources */ = {
			isa = PBXGroup;
			children = (
				D27766A4269B43D900DF6E0D /* Main.storyboard */,
				D27766A7269B43E200DF6E0D /* Assets.xcassets */,
				D27766A9269B43E200DF6E0D /* LaunchScreen.storyboard */,
			);
			path = Resources;
			sourceTree = "<group>";
		};
		D2C02F58269B8C9100C35317 /* Controller */ = {
			isa = PBXGroup;
			children = (
				D2C02F74269C5FB700C35317 /* TabBar */,
				D2C02F97269F6E5300C35317 /* MainView */,
				D2C02F98269F6E6C00C35317 /* CategoryView */,
				D2CC269D26A95AA800BC38E0 /* Like */,
			);
			path = Controller;
			sourceTree = "<group>";
		};
		D2C02F59269B8CB600C35317 /* View */ = {
			isa = PBXGroup;
			children = (
				D2C02F9A269F704C00C35317 /* CategoryCellElements */,
			);
			path = View;
			sourceTree = "<group>";
		};
		D2C02F5A269B8CBB00C35317 /* Model */ = {
			isa = PBXGroup;
			children = (
				D2C02F99269F6FBD00C35317 /* CategoryItemArray */,
				D2C02F8D269D740D00C35317 /* TransitionScreensCategory.swift */,
			);
			path = Model;
			sourceTree = "<group>";
		};
		D2C02F74269C5FB700C35317 /* TabBar */ = {
			isa = PBXGroup;
			children = (
				D2C02F6B269C3C6800C35317 /* TaBarViewController.swift */,
			);
			path = TabBar;
			sourceTree = "<group>";
		};
		D2C02F93269E20F200C35317 /* FastEat(Закуски) */ = {
			isa = PBXGroup;
			children = (
				D2C02F90269D76D400C35317 /* FastEatViewController.swift */,
				D25A12EE26A4BA7D0043F2A5 /* FastEatCollectionViewCell.swift */,
			);
			path = "FastEat(Закуски)";
			sourceTree = "<group>";
		};
		D2C02F95269E23AD00C35317 /* Meat(Мясо) */ = {
			isa = PBXGroup;
			children = (
				D2C02F89269CD22900C35317 /* SendThingViewController.swift */,
				D25A12EB26A365120043F2A5 /* MeatCollectionViewCell.swift */,
			);
			path = "Meat(Мясо)";
			sourceTree = "<group>";
		};
		D2C02F97269F6E5300C35317 /* MainView */ = {
			isa = PBXGroup;
			children = (
				D27766A2269B43D900DF6E0D /* ViewController.swift */,
				D2594BEF26A95DD300E6CB3F /* MainScreen */,
			);
			path = MainView;
			sourceTree = "<group>";
		};
		D2C02F98269F6E6C00C35317 /* CategoryView */ = {
			isa = PBXGroup;
			children = (
				D2C02F6E269C49AB00C35317 /* CategoryViewController.swift */,
				D2C02F95269E23AD00C35317 /* Meat(Мясо) */,
				D2C02F93269E20F200C35317 /* FastEat(Закуски) */,
				D2C02F9C26A0BE2D00C35317 /* Salad(Салаты) */,
				D25A12DA26A0C5D00043F2A5 /* Soups(Супы) */,
				D25A12DF26A0C75F0043F2A5 /* Drink(Напитки) */,
				D25A12E326A0C8250043F2A5 /* Sweets(Сладости) */,
			);
			path = CategoryView;
			sourceTree = "<group>";
		};
		D2C02F99269F6FBD00C35317 /* CategoryItemArray */ = {
			isa = PBXGroup;
			children = (
				D2C02F81269C759E00C35317 /* CategoryArray.swift */,
				D2C02F7E269C681A00C35317 /* CatrgoryList.swift */,
			);
			path = CategoryItemArray;
			sourceTree = "<group>";
		};
		D2C02F9A269F704C00C35317 /* CategoryCellElements */ = {
			isa = PBXGroup;
			children = (
				D2C02F7B269C66C500C35317 /* CLCollectionViewCell.swift */,
			);
			path = CategoryCellElements;
			sourceTree = "<group>";
		};
		D2C02F9C26A0BE2D00C35317 /* Salad(Салаты) */ = {
			isa = PBXGroup;
			children = (
				D2C02F9E26A0C04100C35317 /* SaladViewController.swift */,
				D2E26A1E26A7607B003EE229 /* SaladsCollectionViewCell.swift */,
			);
			path = "Salad(Салаты)";
			sourceTree = "<group>";
		};
		D2CC269D26A95AA800BC38E0 /* Like */ = {
			isa = PBXGroup;
			children = (
				D2CC269A26A95AA000BC38E0 /* LikeReceptsViewController.swift */,
				D271DC1826ADF4810026A642 /* LikeCollectionViewCell.swift */,
			);
			path = Like;
			sourceTree = "<group>";
		};
		F53E6403428C6EACF326E823 /* Pods */ = {
			isa = PBXGroup;
			children = (
				DCD2AFFA81E55AE1DCA9D381 /* Pods-Russian food.debug.xcconfig */,
				A103CB2BA16518C309F13274 /* Pods-Russian food.release.xcconfig */,
			);
			path = Pods;
			sourceTree = "<group>";
		};
/* End PBXGroup section */

/* Begin PBXNativeTarget section */
		D277669A269B43D900DF6E0D /* Russian food */ = {
			isa = PBXNativeTarget;
			buildConfigurationList = D27766AF269B43E200DF6E0D /* Build configuration list for PBXNativeTarget "Russian food" */;
			buildPhases = (
				E8A14671E045D05581324487 /* [CP] Check Pods Manifest.lock */,
				D2776697269B43D900DF6E0D /* Sources */,
				D2776698269B43D900DF6E0D /* Frameworks */,
				D2776699269B43D900DF6E0D /* Resources */,
				49BBB34AA3715DF66473CAF8 /* [CP] Embed Pods Frameworks */,
			);
			buildRules = (
			);
			dependencies = (
			);
			name = "Russian food";
			productName = "Russian food";
			productReference = D277669B269B43D900DF6E0D /* Russian food.app */;
			productType = "com.apple.product-type.application";
		};
/* End PBXNativeTarget section */

/* Begin PBXProject section */
		D2776693269B43D900DF6E0D /* Project object */ = {
			isa = PBXProject;
			attributes = {
				LastSwiftUpdateCheck = 1230;
				LastUpgradeCheck = 1230;
				TargetAttributes = {
					D277669A269B43D900DF6E0D = {
						CreatedOnToolsVersion = 12.3;
					};
				};
			};
			buildConfigurationList = D2776696269B43D900DF6E0D /* Build configuration list for PBXProject "Russian food" */;
			compatibilityVersion = "Xcode 9.3";
			developmentRegion = en;
			hasScannedForEncodings = 0;
			knownRegions = (
				en,
				Base,
			);
			mainGroup = D2776692269B43D900DF6E0D;
			productRefGroup = D277669C269B43D900DF6E0D /* Products */;
			projectDirPath = "";
			projectRoot = "";
			targets = (
				D277669A269B43D900DF6E0D /* Russian food */,
			);
		};
/* End PBXProject section */

/* Begin PBXResourcesBuildPhase section */
		D2776699269B43D900DF6E0D /* Resources */ = {
			isa = PBXResourcesBuildPhase;
			buildActionMask = 2147483647;
			files = (
				D27766AB269B43E200DF6E0D /* LaunchScreen.storyboard in Resources */,
				D27766A8269B43E200DF6E0D /* Assets.xcassets in Resources */,
				D27766A6269B43D900DF6E0D /* Main.storyboard in Resources */,
			);
			runOnlyForDeploymentPostprocessing = 0;
		};
/* End PBXResourcesBuildPhase section */

/* Begin PBXShellScriptBuildPhase section */
		49BBB34AA3715DF66473CAF8 /* [CP] Embed Pods Frameworks */ = {
			isa = PBXShellScriptBuildPhase;
			buildActionMask = 2147483647;
			files = (
			);
			inputFileListPaths = (
				"${PODS_ROOT}/Target Support Files/Pods-Russian food/Pods-Russian food-frameworks-${CONFIGURATION}-input-files.xcfilelist",
			);
			name = "[CP] Embed Pods Frameworks";
			outputFileListPaths = (
				"${PODS_ROOT}/Target Support Files/Pods-Russian food/Pods-Russian food-frameworks-${CONFIGURATION}-output-files.xcfilelist",
			);
			runOnlyForDeploymentPostprocessing = 0;
			shellPath = /bin/sh;
			shellScript = "\"${PODS_ROOT}/Target Support Files/Pods-Russian food/Pods-Russian food-frameworks.sh\"\n";
			showEnvVarsInLog = 0;
		};
		E8A14671E045D05581324487 /* [CP] Check Pods Manifest.lock */ = {
			isa = PBXShellScriptBuildPhase;
			buildActionMask = 2147483647;
			files = (
			);
			inputFileListPaths = (
			);
			inputPaths = (
				"${PODS_PODFILE_DIR_PATH}/Podfile.lock",
				"${PODS_ROOT}/Manifest.lock",
			);
			name = "[CP] Check Pods Manifest.lock";
			outputFileListPaths = (
			);
			outputPaths = (
				"$(DERIVED_FILE_DIR)/Pods-Russian food-checkManifestLockResult.txt",
			);
			runOnlyForDeploymentPostprocessing = 0;
			shellPath = /bin/sh;
			shellScript = "diff \"${PODS_PODFILE_DIR_PATH}/Podfile.lock\" \"${PODS_ROOT}/Manifest.lock\" > /dev/null\nif [ $? != 0 ] ; then\n    # print error to STDERR\n    echo \"error: The sandbox is not in sync with the Podfile.lock. Run 'pod install' or update your CocoaPods installation.\" >&2\n    exit 1\nfi\n# This output is used by Xcode 'outputs' to avoid re-running this script phase.\necho \"SUCCESS\" > \"${SCRIPT_OUTPUT_FILE_0}\"\n";
			showEnvVarsInLog = 0;
		};
/* End PBXShellScriptBuildPhase section */

/* Begin PBXSourcesBuildPhase section */
		D2776697269B43D900DF6E0D /* Sources */ = {
			isa = PBXSourcesBuildPhase;
			buildActionMask = 2147483647;
			files = (
				D2CC269B26A95AA000BC38E0 /* LikeReceptsViewController.swift in Sources */,
				D2C02F6C269C3C6800C35317 /* TaBarViewController.swift in Sources */,
				D2CC269826A8085700BC38E0 /* SweetsCollectionViewCell.swift in Sources */,
				D2C02F8A269CD22900C35317 /* SendThingViewController.swift in Sources */,
				D27766A3269B43D900DF6E0D /* ViewController.swift in Sources */,
				D25A12EC26A365120043F2A5 /* MeatCollectionViewCell.swift in Sources */,
				D2C02F9F26A0C04100C35317 /* SaladViewController.swift in Sources */,
				D25A12EF26A4BA7D0043F2A5 /* FastEatCollectionViewCell.swift in Sources */,
				D277669F269B43D900DF6E0D /* AppDelegate.swift in Sources */,
				D27766A1269B43D900DF6E0D /* SceneDelegate.swift in Sources */,
				D271DC1626A9FAB00026A642 /* RecomendationsCollectionViewCell.swift in Sources */,
				D2CC269526A802EB00BC38E0 /* DrinksCollectionViewCell.swift in Sources */,
				D2C02F7F269C681A00C35317 /* CatrgoryList.swift in Sources */,
				D2C02F7C269C66C500C35317 /* CLCollectionViewCell.swift in Sources */,
				D2C02F6F269C49AB00C35317 /* CategoryViewController.swift in Sources */,
				D25A12E126A0C7B00043F2A5 /* DrinkViewController.swift in Sources */,
				D2C02F82269C759E00C35317 /* CategoryArray.swift in Sources */,
				D2C02F91269D76D400C35317 /* FastEatViewController.swift in Sources */,
				D25A12DC26A0C5EF0043F2A5 /* SoupViewController.swift in Sources */,
				D2CC269226A7FD6300BC38E0 /* SoupeCollectionViewCell.swift in Sources */,
				D2C02F60269B8E8C00C35317 /* MainViewController.swift in Sources */,
				D271DC1926ADF4820026A642 /* LikeCollectionViewCell.swift in Sources */,
				D2C02F8E269D740D00C35317 /* TransitionScreensCategory.swift in Sources */,
				D2594BF126A95DF700E6CB3F /* MainScreenCollectionViewCell.swift in Sources */,
				D25A12E526A0C8480043F2A5 /* SweetsViewController.swift in Sources */,
				D2E26A1F26A7607B003EE229 /* SaladsCollectionViewCell.swift in Sources */,
			);
			runOnlyForDeploymentPostprocessing = 0;
		};
/* End PBXSourcesBuildPhase section */

/* Begin PBXVariantGroup section */
		D27766A4269B43D900DF6E0D /* Main.storyboard */ = {
			isa = PBXVariantGroup;
			children = (
				D27766A5269B43D900DF6E0D /* Base */,
			);
			name = Main.storyboard;
			sourceTree = "<group>";
		};
		D27766A9269B43E200DF6E0D /* LaunchScreen.storyboard */ = {
			isa = PBXVariantGroup;
			children = (
				D27766AA269B43E200DF6E0D /* Base */,
			);
			name = LaunchScreen.storyboard;
			sourceTree = "<group>";
		};
/* End PBXVariantGroup section */

/* Begin XCBuildConfiguration section */
		D27766AD269B43E200DF6E0D /* Debug */ = {
			isa = XCBuildConfiguration;
			buildSettings = {
				ALWAYS_SEARCH_USER_PATHS = NO;
				CLANG_ANALYZER_NONNULL = YES;
				CLANG_ANALYZER_NUMBER_OBJECT_CONVERSION = YES_AGGRESSIVE;
				CLANG_CXX_LANGUAGE_STANDARD = "gnu++14";
				CLANG_CXX_LIBRARY = "libc++";
				CLANG_ENABLE_MODULES = YES;
				CLANG_ENABLE_OBJC_ARC = YES;
				CLANG_ENABLE_OBJC_WEAK = YES;
				CLANG_WARN_BLOCK_CAPTURE_AUTORELEASING = YES;
				CLANG_WARN_BOOL_CONVERSION = YES;
				CLANG_WARN_COMMA = YES;
				CLANG_WARN_CONSTANT_CONVERSION = YES;
				CLANG_WARN_DEPRECATED_OBJC_IMPLEMENTATIONS = YES;
				CLANG_WARN_DIRECT_OBJC_ISA_USAGE = YES_ERROR;
				CLANG_WARN_DOCUMENTATION_COMMENTS = YES;
				CLANG_WARN_EMPTY_BODY = YES;
				CLANG_WARN_ENUM_CONVERSION = YES;
				CLANG_WARN_INFINITE_RECURSION = YES;
				CLANG_WARN_INT_CONVERSION = YES;
				CLANG_WARN_NON_LITERAL_NULL_CONVERSION = YES;
				CLANG_WARN_OBJC_IMPLICIT_RETAIN_SELF = YES;
				CLANG_WARN_OBJC_LITERAL_CONVERSION = YES;
				CLANG_WARN_OBJC_ROOT_CLASS = YES_ERROR;
				CLANG_WARN_QUOTED_INCLUDE_IN_FRAMEWORK_HEADER = YES;
				CLANG_WARN_RANGE_LOOP_ANALYSIS = YES;
				CLANG_WARN_STRICT_PROTOTYPES = YES;
				CLANG_WARN_SUSPICIOUS_MOVE = YES;
				CLANG_WARN_UNGUARDED_AVAILABILITY = YES_AGGRESSIVE;
				CLANG_WARN_UNREACHABLE_CODE = YES;
				CLANG_WARN__DUPLICATE_METHOD_MATCH = YES;
				COPY_PHASE_STRIP = NO;
				DEBUG_INFORMATION_FORMAT = dwarf;
				ENABLE_STRICT_OBJC_MSGSEND = YES;
				ENABLE_TESTABILITY = YES;
				GCC_C_LANGUAGE_STANDARD = gnu11;
				GCC_DYNAMIC_NO_PIC = NO;
				GCC_NO_COMMON_BLOCKS = YES;
				GCC_OPTIMIZATION_LEVEL = 0;
				GCC_PREPROCESSOR_DEFINITIONS = (
					"DEBUG=1",
					"$(inherited)",
				);
				GCC_WARN_64_TO_32_BIT_CONVERSION = YES;
				GCC_WARN_ABOUT_RETURN_TYPE = YES_ERROR;
				GCC_WARN_UNDECLARED_SELECTOR = YES;
				GCC_WARN_UNINITIALIZED_AUTOS = YES_AGGRESSIVE;
				GCC_WARN_UNUSED_FUNCTION = YES;
				GCC_WARN_UNUSED_VARIABLE = YES;
				IPHONEOS_DEPLOYMENT_TARGET = 14.3;
				MTL_ENABLE_DEBUG_INFO = INCLUDE_SOURCE;
				MTL_FAST_MATH = YES;
				ONLY_ACTIVE_ARCH = YES;
				SDKROOT = iphoneos;
				SWIFT_ACTIVE_COMPILATION_CONDITIONS = DEBUG;
				SWIFT_OPTIMIZATION_LEVEL = "-Onone";
			};
			name = Debug;
		};
		D27766AE269B43E200DF6E0D /* Release */ = {
			isa = XCBuildConfiguration;
			buildSettings = {
				ALWAYS_SEARCH_USER_PATHS = NO;
				CLANG_ANALYZER_NONNULL = YES;
				CLANG_ANALYZER_NUMBER_OBJECT_CONVERSION = YES_AGGRESSIVE;
				CLANG_CXX_LANGUAGE_STANDARD = "gnu++14";
				CLANG_CXX_LIBRARY = "libc++";
				CLANG_ENABLE_MODULES = YES;
				CLANG_ENABLE_OBJC_ARC = YES;
				CLANG_ENABLE_OBJC_WEAK = YES;
				CLANG_WARN_BLOCK_CAPTURE_AUTORELEASING = YES;
				CLANG_WARN_BOOL_CONVERSION = YES;
				CLANG_WARN_COMMA = YES;
				CLANG_WARN_CONSTANT_CONVERSION = YES;
				CLANG_WARN_DEPRECATED_OBJC_IMPLEMENTATIONS = YES;
				CLANG_WARN_DIRECT_OBJC_ISA_USAGE = YES_ERROR;
				CLANG_WARN_DOCUMENTATION_COMMENTS = YES;
				CLANG_WARN_EMPTY_BODY = YES;
				CLANG_WARN_ENUM_CONVERSION = YES;
				CLANG_WARN_INFINITE_RECURSION = YES;
				CLANG_WARN_INT_CONVERSION = YES;
				CLANG_WARN_NON_LITERAL_NULL_CONVERSION = YES;
				CLANG_WARN_OBJC_IMPLICIT_RETAIN_SELF = YES;
				CLANG_WARN_OBJC_LITERAL_CONVERSION = YES;
				CLANG_WARN_OBJC_ROOT_CLASS = YES_ERROR;
				CLANG_WARN_QUOTED_INCLUDE_IN_FRAMEWORK_HEADER = YES;
				CLANG_WARN_RANGE_LOOP_ANALYSIS = YES;
				CLANG_WARN_STRICT_PROTOTYPES = YES;
				CLANG_WARN_SUSPICIOUS_MOVE = YES;
				CLANG_WARN_UNGUARDED_AVAILABILITY = YES_AGGRESSIVE;
				CLANG_WARN_UNREACHABLE_CODE = YES;
				CLANG_WARN__DUPLICATE_METHOD_MATCH = YES;
				COPY_PHASE_STRIP = NO;
				DEBUG_INFORMATION_FORMAT = "dwarf-with-dsym";
				ENABLE_NS_ASSERTIONS = NO;
				ENABLE_STRICT_OBJC_MSGSEND = YES;
				GCC_C_LANGUAGE_STANDARD = gnu11;
				GCC_NO_COMMON_BLOCKS = YES;
				GCC_WARN_64_TO_32_BIT_CONVERSION = YES;
				GCC_WARN_ABOUT_RETURN_TYPE = YES_ERROR;
				GCC_WARN_UNDECLARED_SELECTOR = YES;
				GCC_WARN_UNINITIALIZED_AUTOS = YES_AGGRESSIVE;
				GCC_WARN_UNUSED_FUNCTION = YES;
				GCC_WARN_UNUSED_VARIABLE = YES;
				IPHONEOS_DEPLOYMENT_TARGET = 14.3;
				MTL_ENABLE_DEBUG_INFO = NO;
				MTL_FAST_MATH = YES;
				SDKROOT = iphoneos;
				SWIFT_COMPILATION_MODE = wholemodule;
				SWIFT_OPTIMIZATION_LEVEL = "-O";
				VALIDATE_PRODUCT = YES;
			};
			name = Release;
		};
		D27766B0269B43E200DF6E0D /* Debug */ = {
			isa = XCBuildConfiguration;
			baseConfigurationReference = DCD2AFFA81E55AE1DCA9D381 /* Pods-Russian food.debug.xcconfig */;
			buildSettings = {
				ASSETCATALOG_COMPILER_APPICON_NAME = AppIcon;
				ASSETCATALOG_COMPILER_GLOBAL_ACCENT_COLOR_NAME = AccentColor;
				CODE_SIGN_STYLE = Automatic;
				DEVELOPMENT_TEAM = UJ8B9FFXUA;
				INFOPLIST_FILE = "Russian food/Info.plist";
				LD_RUNPATH_SEARCH_PATHS = (
					"$(inherited)",
					"@executable_path/Frameworks",
				);
				PRODUCT_BUNDLE_IDENTIFIER = "KiKoTeam.Russian-food";
				PRODUCT_NAME = "$(TARGET_NAME)";
				SWIFT_VERSION = 5.0;
				TARGETED_DEVICE_FAMILY = "1,2";
			};
			name = Debug;
		};
		D27766B1269B43E200DF6E0D /* Release */ = {
			isa = XCBuildConfiguration;
			baseConfigurationReference = A103CB2BA16518C309F13274 /* Pods-Russian food.release.xcconfig */;
			buildSettings = {
				ASSETCATALOG_COMPILER_APPICON_NAME = AppIcon;
				ASSETCATALOG_COMPILER_GLOBAL_ACCENT_COLOR_NAME = AccentColor;
				CODE_SIGN_STYLE = Automatic;
				DEVELOPMENT_TEAM = UJ8B9FFXUA;
				INFOPLIST_FILE = "Russian food/Info.plist";
				LD_RUNPATH_SEARCH_PATHS = (
					"$(inherited)",
					"@executable_path/Frameworks",
				);
				PRODUCT_BUNDLE_IDENTIFIER = "KiKoTeam.Russian-food";
				PRODUCT_NAME = "$(TARGET_NAME)";
				SWIFT_VERSION = 5.0;
				TARGETED_DEVICE_FAMILY = "1,2";
			};
			name = Release;
		};
/* End XCBuildConfiguration section */

/* Begin XCConfigurationList section */
		D2776696269B43D900DF6E0D /* Build configuration list for PBXProject "Russian food" */ = {
			isa = XCConfigurationList;
			buildConfigurations = (
				D27766AD269B43E200DF6E0D /* Debug */,
				D27766AE269B43E200DF6E0D /* Release */,
			);
			defaultConfigurationIsVisible = 0;
			defaultConfigurationName = Release;
		};
		D27766AF269B43E200DF6E0D /* Build configuration list for PBXNativeTarget "Russian food" */ = {
			isa = XCConfigurationList;
			buildConfigurations = (
				D27766B0269B43E200DF6E0D /* Debug */,
				D27766B1269B43E200DF6E0D /* Release */,
			);
			defaultConfigurationIsVisible = 0;
			defaultConfigurationName = Release;
		};
/* End XCConfigurationList section */
	};
	rootObject = D2776693269B43D900DF6E0D /* Project object */;
}
